<Solution>
  <Project Path="MMoney.App/MMoney.App.csproj">
    <Deploy Solution="Debug|*" />
  </Project>
  <Project Path="MMoney.Core/MMoney.Core.csproj" />
  <Project Path="MMoney.Core.Tests/MMoney.Core.Tests.csproj" />
  <Project Path="Mobiorum.Material3/Mobiorum.Material3.csproj" />
</Solution>
